
Microsoft Visual Studio Solution File, Format Version 12.00
# Visual Studio Version 16
VisualStudioVersion = 16.0.30114.105
MinimumVisualStudioVersion = 10.0.40219.1
Project("{FAE04EC0-301F-11D3-BF4B-00C04F79EFBC}") = "WorkingWithNumbers", "WorkingWithNumbers\WorkingWithNumbers.csproj", "{D0F05334-580C-4AFD-A4B4-6AA7788D0CC6}"
EndProject
Global
	GlobalSection(SolutionConfigurationPlatforms) = preSolution
		Debug|Any CPU = Debug|Any CPU
		Release|Any CPU = Release|Any CPU
	EndGlobalSection
	GlobalSection(ProjectConfigurationPlatforms) = postSolution
		{D0F05334-580C-4AFD-A4B4-6AA7788D0CC6}.Debug|Any CPU.ActiveCfg = Debug|Any CPU
		{D0F05334-580C-4AFD-A4B4-6AA7788D0CC6}.Debug|Any CPU.Build.0 = Debug|Any CPU
		{D0F05334-580C-4AFD-A4B4-6AA7788D0CC6}.Release|Any CPU.ActiveCfg = Release|Any CPU
		{D0F05334-580C-4AFD-A4B4-6AA7788D0CC6}.Release|Any CPU.Build.0 = Release|Any CPU
	EndGlobalSection
	GlobalSection(SolutionProperties) = preSolution
		HideSolutionNode = FALSE
	EndGlobalSection
	GlobalSection(ExtensibilityGlobals) = postSolution
		SolutionGuid = {A85B3CC1-53CE-41CC-A84E-9E68E025D971}
	EndGlobalSection
EndGlobal
